
Microsoft Visual Studio Solution File, Format Version 12.00
# Visual Studio Version 16
VisualStudioVersion = 16.0.30523.141
MinimumVisualStudioVersion = 10.0.40219.1
Project("{FAE04EC0-301F-11D3-BF4B-00C04F79EFBC}") = "Movileanu_Alin_Lab2", "Movileanu_Alin_Lab2.csproj", "{D1B7E466-0416-4B7D-84DC-12F4AC248361}"
EndProject
Global
	GlobalSection(SolutionConfigurationPlatforms) = preSolution
		Debug|Any CPU = Debug|Any CPU
		Release|Any CPU = Release|Any CPU
	EndGlobalSection
	GlobalSection(ProjectConfigurationPlatforms) = postSolution
		{D1B7E466-0416-4B7D-84DC-12F4AC248361}.Debug|Any CPU.ActiveCfg = Debug|Any CPU
		{D1B7E466-0416-4B7D-84DC-12F4AC248361}.Debug|Any CPU.Build.0 = Debug|Any CPU
		{D1B7E466-0416-4B7D-84DC-12F4AC248361}.Release|Any CPU.ActiveCfg = Release|Any CPU
		{D1B7E466-0416-4B7D-84DC-12F4AC248361}.Release|Any CPU.Build.0 = Release|Any CPU
	EndGlobalSection
	GlobalSection(SolutionProperties) = preSolution
		HideSolutionNode = FALSE
	EndGlobalSection
	GlobalSection(ExtensibilityGlobals) = postSolution
		SolutionGuid = {F2EBFCCA-B15C-4A98-B85B-765E3321BE9B}
	EndGlobalSection
EndGlobal
